
Microsoft Visual Studio Solution File, Format Version 12.00
# Visual Studio Version 16
VisualStudioVersion = 16.0.30413.136
MinimumVisualStudioVersion = 10.0.40219.1
Project("{FAE04EC0-301F-11D3-BF4B-00C04F79EFBC}") = "Project.Web", "Project.Web\Project.Web.csproj", "{2C33AEA1-D6A3-4624-82CA-FAA0958EC5AB}"
EndProject
Project("{2150E333-8FDC-42A3-9474-1A3956D46DE8}") = "Web", "Web", "{5AFE16BF-0CAE-4348-A0C9-14BF704765CC}"
EndProject
Project("{2150E333-8FDC-42A3-9474-1A3956D46DE8}") = "Services", "Services", "{306F1F9B-F81F-4822-A6C5-6286D37E7F9E}"
EndProject
Project("{2150E333-8FDC-42A3-9474-1A3956D46DE8}") = "Data", "Data", "{184DB939-F7C1-4188-B5C7-738C4245DF1B}"
EndProject
Global
	GlobalSection(SolutionConfigurationPlatforms) = preSolution
		Debug|Any CPU = Debug|Any CPU
		Release|Any CPU = Release|Any CPU
	EndGlobalSection
	GlobalSection(ProjectConfigurationPlatforms) = postSolution
		{2C33AEA1-D6A3-4624-82CA-FAA0958EC5AB}.Debug|Any CPU.ActiveCfg = Debug|Any CPU
		{2C33AEA1-D6A3-4624-82CA-FAA0958EC5AB}.Debug|Any CPU.Build.0 = Debug|Any CPU
		{2C33AEA1-D6A3-4624-82CA-FAA0958EC5AB}.Release|Any CPU.ActiveCfg = Release|Any CPU
		{2C33AEA1-D6A3-4624-82CA-FAA0958EC5AB}.Release|Any CPU.Build.0 = Release|Any CPU
	EndGlobalSection
	GlobalSection(SolutionProperties) = preSolution
		HideSolutionNode = FALSE
	EndGlobalSection
	GlobalSection(NestedProjects) = preSolution
		{2C33AEA1-D6A3-4624-82CA-FAA0958EC5AB} = {5AFE16BF-0CAE-4348-A0C9-14BF704765CC}
	EndGlobalSection
	GlobalSection(ExtensibilityGlobals) = postSolution
		SolutionGuid = {D5DA05BD-0218-47D8-A348-0AA07AB4BB55}
	EndGlobalSection
EndGlobal
